
Microsoft Visual Studio Solution File, Format Version 12.00
# Visual Studio Version 17
VisualStudioVersion = 17.9.34728.123
MinimumVisualStudioVersion = 10.0.40219.1
Project("{9A19103F-16F7-4668-BE54-9A1E7A4F7556}") = "meetspace.web", "meetspace.web.csproj", "{FE1F510B-F20C-429C-B29A-D70F6FFAF521}"
EndProject
Project("{9A19103F-16F7-4668-BE54-9A1E7A4F7556}") = "meetspace.room.management.module", "..\..\Desktop\meetspace.room.management.module\meetspace.room.management.module.csproj", "{D4A79B07-4DB3-46B6-A663-B2C101719346}"
EndProject
Global
	GlobalSection(SolutionConfigurationPlatforms) = preSolution
		Debug|Any CPU = Debug|Any CPU
		Release|Any CPU = Release|Any CPU
	EndGlobalSection
	GlobalSection(ProjectConfigurationPlatforms) = postSolution
		{FE1F510B-F20C-429C-B29A-D70F6FFAF521}.Debug|Any CPU.ActiveCfg = Debug|Any CPU
		{FE1F510B-F20C-429C-B29A-D70F6FFAF521}.Debug|Any CPU.Build.0 = Debug|Any CPU
		{FE1F510B-F20C-429C-B29A-D70F6FFAF521}.Release|Any CPU.ActiveCfg = Release|Any CPU
		{FE1F510B-F20C-429C-B29A-D70F6FFAF521}.Release|Any CPU.Build.0 = Release|Any CPU
		{D4A79B07-4DB3-46B6-A663-B2C101719346}.Debug|Any CPU.ActiveCfg = Debug|Any CPU
		{D4A79B07-4DB3-46B6-A663-B2C101719346}.Debug|Any CPU.Build.0 = Debug|Any CPU
		{D4A79B07-4DB3-46B6-A663-B2C101719346}.Release|Any CPU.ActiveCfg = Release|Any CPU
		{D4A79B07-4DB3-46B6-A663-B2C101719346}.Release|Any CPU.Build.0 = Release|Any CPU
	EndGlobalSection
	GlobalSection(SolutionProperties) = preSolution
		HideSolutionNode = FALSE
	EndGlobalSection
	GlobalSection(ExtensibilityGlobals) = postSolution
		SolutionGuid = {F69F9F07-A219-459D-8A04-17664CAAD744}
	EndGlobalSection
EndGlobal
